{
  "name": "Interface",
  "lockfileVersion": 3,
  "requires": true,
  "packages": {
    "": {
      "dependencies": {
        "dir-to-json": "^1.0.0"
      }
    },
    "node_modules/dir-to-json": {
      "version": "1.0.0",
      "resolved": "https://registry.npmjs.org/dir-to-json/-/dir-to-json-1.0.0.tgz",
      "integrity": "sha512-yDfgiqPrKf4Qje1CgsFRB1Dl1TjV9U8YVo6ykIR1gbRf4E/7ErmrhP1FbUfSccs6hojSgEkLWd7xO6XY7ioplg==",
      "engines": {
        "node": ">=14.0.0"
      }
    }
  }
}
